
Microsoft Visual Studio Solution File, Format Version 11.00
# Visual Studio 2010
Project("{FAE04EC0-301F-11D3-BF4B-00C04F79EFBC}") = "Assembly-CSharp", "Assembly-CSharp.csproj", "{433C83AA-0B05-C9D3-D750-3A7C0EDD25A7}"
EndProject
Project("{FAE04EC0-301F-11D3-BF4B-00C04F79EFBC}") = "Assembly-CSharp-Editor", "Assembly-CSharp-Editor.csproj", "{BB0DF47D-8649-F55C-02AD-B504DDB7EDD5}"
EndProject
Global
	GlobalSection(SolutionConfigurationPlatforms) = preSolution
		Debug|Any CPU = Debug|Any CPU
		Release|Any CPU = Release|Any CPU
	EndGlobalSection
	GlobalSection(ProjectConfigurationPlatforms) = postSolution
		{433C83AA-0B05-C9D3-D750-3A7C0EDD25A7}.Debug|Any CPU.ActiveCfg = Debug|Any CPU
		{433C83AA-0B05-C9D3-D750-3A7C0EDD25A7}.Debug|Any CPU.Build.0 = Debug|Any CPU
		{433C83AA-0B05-C9D3-D750-3A7C0EDD25A7}.Release|Any CPU.ActiveCfg = Release|Any CPU
		{433C83AA-0B05-C9D3-D750-3A7C0EDD25A7}.Release|Any CPU.Build.0 = Release|Any CPU
		{BB0DF47D-8649-F55C-02AD-B504DDB7EDD5}.Debug|Any CPU.ActiveCfg = Debug|Any CPU
		{BB0DF47D-8649-F55C-02AD-B504DDB7EDD5}.Debug|Any CPU.Build.0 = Debug|Any CPU
		{BB0DF47D-8649-F55C-02AD-B504DDB7EDD5}.Release|Any CPU.ActiveCfg = Release|Any CPU
		{BB0DF47D-8649-F55C-02AD-B504DDB7EDD5}.Release|Any CPU.Build.0 = Release|Any CPU
	EndGlobalSection
	GlobalSection(SolutionProperties) = preSolution
		HideSolutionNode = FALSE
	EndGlobalSection
	GlobalSection(MonoDevelopProperties) = preSolution
		StartupItem = Assembly-CSharp.csproj
	EndGlobalSection
EndGlobal
